
Microsoft Visual Studio Solution File, Format Version 12.00
# Visual Studio Version 16
VisualStudioVersion = 16.0.31005.135
MinimumVisualStudioVersion = 10.0.40219.1
Project("{FAE04EC0-301F-11D3-BF4B-00C04F79EFBC}") = "WebApplication1", "WebApplication1\WebApplication1.csproj", "{CAE0DB6A-D4CF-4CBA-9231-8F18FFDCA1A4}"
EndProject
Project("{FAE04EC0-301F-11D3-BF4B-00C04F79EFBC}") = "WebApplication2", "WebApplication2\WebApplication2.csproj", "{7432C907-C25B-4F4E-B15A-F3E41F08E0F9}"
EndProject
Global
	GlobalSection(SolutionConfigurationPlatforms) = preSolution
		Debug|Any CPU = Debug|Any CPU
		Release|Any CPU = Release|Any CPU
	EndGlobalSection
	GlobalSection(ProjectConfigurationPlatforms) = postSolution
		{CAE0DB6A-D4CF-4CBA-9231-8F18FFDCA1A4}.Debug|Any CPU.ActiveCfg = Debug|Any CPU
		{CAE0DB6A-D4CF-4CBA-9231-8F18FFDCA1A4}.Debug|Any CPU.Build.0 = Debug|Any CPU
		{CAE0DB6A-D4CF-4CBA-9231-8F18FFDCA1A4}.Release|Any CPU.ActiveCfg = Release|Any CPU
		{CAE0DB6A-D4CF-4CBA-9231-8F18FFDCA1A4}.Release|Any CPU.Build.0 = Release|Any CPU
		{7432C907-C25B-4F4E-B15A-F3E41F08E0F9}.Debug|Any CPU.ActiveCfg = Debug|Any CPU
		{7432C907-C25B-4F4E-B15A-F3E41F08E0F9}.Debug|Any CPU.Build.0 = Debug|Any CPU
		{7432C907-C25B-4F4E-B15A-F3E41F08E0F9}.Release|Any CPU.ActiveCfg = Release|Any CPU
		{7432C907-C25B-4F4E-B15A-F3E41F08E0F9}.Release|Any CPU.Build.0 = Release|Any CPU
	EndGlobalSection
	GlobalSection(SolutionProperties) = preSolution
		HideSolutionNode = FALSE
	EndGlobalSection
	GlobalSection(ExtensibilityGlobals) = postSolution
		SolutionGuid = {C6F8039B-893E-48AE-899F-6EEE23FCAE5E}
	EndGlobalSection
EndGlobal
